{
  "name": "ws-socket",
  "version": "1.0.0",
  "lockfileVersion": 1,
  "requires": true,
  "dependencies": {
    "async-limiter": {
      "version": "1.0.1",
      "resolved": "https://registry.npm.taobao.org/async-limiter/download/async-limiter-1.0.1.tgz",
      "integrity": "sha1-3TeelPDbgxCwgpH51kwyCXZmF/0="
    },
    "ws": {
      "version": "7.1.1",
      "resolved": "https://registry.npm.taobao.org/ws/download/ws-7.1.1.tgz",
      "integrity": "sha1-+ZQtyGi23/tywU/Y8roF93pNWYM=",
      "requires": {
        "async-limiter": "^1.0.0"
      }
    }
  }
}
